// !$*UTF8*$!
{
	archiveVersion = 1;
	classes = {
	};
	objectVersion = 46;
	objects = {

/* Begin PBXBuildFile section */
		D00BEAC2193C75B500BF4335 /* textfield_background.png in Resources */ = {isa = PBXBuildFile; fileRef = D00BEAC0193C75B500BF4335 /* textfield_background.png */; };
		D00BEAC3193C75B500BF4335 /* textfieldImage.png in Resources */ = {isa = PBXBuildFile; fileRef = D00BEAC1193C75B500BF4335 /* textfieldImage.png */; };
		D04042DF193F1699002F9BFB /* DARUser.m in Sources */ = {isa = PBXBuildFile; fileRef = D04042DE193F1699002F9BFB /* DARUser.m */; };
		D04042E3193F1DE5002F9BFB /* DARMainViewController.m in Sources */ = {isa = PBXBuildFile; fileRef = D04042E1193F1DE5002F9BFB /* DARMainViewController.m */; };
		D04042E4193F1DE5002F9BFB /* DARMainViewController.xib in Resources */ = {isa = PBXBuildFile; fileRef = D04042E2193F1DE5002F9BFB /* DARMainViewController.xib */; };
		D05F4AD6195ACF51007B1A6D /* OpenSans-Light.ttf in Resources */ = {isa = PBXBuildFile; fileRef = D05F4AD3195ACF51007B1A6D /* OpenSans-Light.ttf */; };
		D05F4AD7195ACF51007B1A6D /* OpenSans-Regular.ttf in Resources */ = {isa = PBXBuildFile; fileRef = D05F4AD4195ACF51007B1A6D /* OpenSans-Regular.ttf */; };
		D05F4AD8195ACF51007B1A6D /* OpenSans-Semibold.ttf in Resources */ = {isa = PBXBuildFile; fileRef = D05F4AD5195ACF51007B1A6D /* OpenSans-Semibold.ttf */; };
		D05F4ADC195AD11A007B1A6D /* UIFont+Additions.m in Sources */ = {isa = PBXBuildFile; fileRef = D05F4ADB195AD11A007B1A6D /* UIFont+Additions.m */; };
		D05F4ADE195AD484007B1A6D /* icon_photo.png in Resources */ = {isa = PBXBuildFile; fileRef = D05F4ADD195AD484007B1A6D /* icon_photo.png */; };
		D05F4AE0195AD596007B1A6D /* icon_settings_white.png in Resources */ = {isa = PBXBuildFile; fileRef = D05F4ADF195AD596007B1A6D /* icon_settings_white.png */; };
		D05F4AE2195AD689007B1A6D /* icon_cart_white.png in Resources */ = {isa = PBXBuildFile; fileRef = D05F4AE1195AD689007B1A6D /* icon_cart_white.png */; };
		D05F4AE4195AD6FD007B1A6D /* vertical.png in Resources */ = {isa = PBXBuildFile; fileRef = D05F4AE3195AD6FD007B1A6D /* vertical.png */; };
		D05F4AE6195ADA06007B1A6D /* darius.jpg in Resources */ = {isa = PBXBuildFile; fileRef = D05F4AE5195ADA06007B1A6D /* darius.jpg */; };
		D05F4AE8195ADC22007B1A6D /* darius2.jpg in Resources */ = {isa = PBXBuildFile; fileRef = D05F4AE7195ADC22007B1A6D /* darius2.jpg */; };
		D05F4AEA195ADE5E007B1A6D /* icon_cart-empty_up.png in Resources */ = {isa = PBXBuildFile; fileRef = D05F4AE9195ADE5E007B1A6D /* icon_cart-empty_up.png */; };
		D05F4AEC195AE0C1007B1A6D /* plus.png in Resources */ = {isa = PBXBuildFile; fileRef = D05F4AEB195AE0C1007B1A6D /* plus.png */; };
		D05F4AF2195AEBC9007B1A6D /* DARAccountSettingsViewController.m in Sources */ = {isa = PBXBuildFile; fileRef = D05F4AF0195AEBC9007B1A6D /* DARAccountSettingsViewController.m */; };
		D05F4AF3195AEBC9007B1A6D /* DARAccountSettingsViewController.xib in Resources */ = {isa = PBXBuildFile; fileRef = D05F4AF1195AEBC9007B1A6D /* DARAccountSettingsViewController.xib */; };
		D05F4AF8195AEBEB007B1A6D /* DARFinishOrderViewController.m in Sources */ = {isa = PBXBuildFile; fileRef = D05F4AF6195AEBEB007B1A6D /* DARFinishOrderViewController.m */; };
		D05F4AF9195AEBEB007B1A6D /* DARFinishOrderViewController.xib in Resources */ = {isa = PBXBuildFile; fileRef = D05F4AF7195AEBEB007B1A6D /* DARFinishOrderViewController.xib */; };
		D05F4AFE195AEC0E007B1A6D /* DARAddItemsViewController.m in Sources */ = {isa = PBXBuildFile; fileRef = D05F4AFC195AEC0E007B1A6D /* DARAddItemsViewController.m */; };
		D05F4AFF195AEC0E007B1A6D /* DARAddItemsViewController.xib in Resources */ = {isa = PBXBuildFile; fileRef = D05F4AFD195AEC0E007B1A6D /* DARAddItemsViewController.xib */; };
		D05F4B02195AF925007B1A6D /* DARTable.m in Sources */ = {isa = PBXBuildFile; fileRef = D05F4B01195AF925007B1A6D /* DARTable.m */; };
		D065DEB7195BF34B00FDA495 /* btn_back_white.png in Resources */ = {isa = PBXBuildFile; fileRef = D065DEB6195BF34B00FDA495 /* btn_back_white.png */; };
		D065DEBC195BF8A400FDA495 /* DARSelectRestaurantViewController.m in Sources */ = {isa = PBXBuildFile; fileRef = D065DEBA195BF8A400FDA495 /* DARSelectRestaurantViewController.m */; };
		D065DEBD195BF8A400FDA495 /* DARSelectRestaurantViewController.xib in Resources */ = {isa = PBXBuildFile; fileRef = D065DEBB195BF8A400FDA495 /* DARSelectRestaurantViewController.xib */; };
		D065DEC6195C0CFA00FDA495 /* all.png in Resources */ = {isa = PBXBuildFile; fileRef = D065DEBE195C0CFA00FDA495 /* all.png */; };
		D065DEC7195C0CFA00FDA495 /* dessert.png in Resources */ = {isa = PBXBuildFile; fileRef = D065DEBF195C0CFA00FDA495 /* dessert.png */; };
		D065DEC8195C0CFA00FDA495 /* drink.png in Resources */ = {isa = PBXBuildFile; fileRef = D065DEC0195C0CFA00FDA495 /* drink.png */; };
		D065DEC9195C0CFA00FDA495 /* meat.png in Resources */ = {isa = PBXBuildFile; fileRef = D065DEC1195C0CFA00FDA495 /* meat.png */; };
		D065DECA195C0CFA00FDA495 /* pasta.png in Resources */ = {isa = PBXBuildFile; fileRef = D065DEC2195C0CFA00FDA495 /* pasta.png */; };
		D065DECB195C0CFA00FDA495 /* pizza.png in Resources */ = {isa = PBXBuildFile; fileRef = D065DEC3195C0CFA00FDA495 /* pizza.png */; };
		D065DECC195C0CFA00FDA495 /* salad.png in Resources */ = {isa = PBXBuildFile; fileRef = D065DEC4195C0CFA00FDA495 /* salad.png */; };
		D065DECD195C0CFA00FDA495 /* soup.png in Resources */ = {isa = PBXBuildFile; fileRef = D065DEC5195C0CFA00FDA495 /* soup.png */; };
		D065DED2195C0D2C00FDA495 /* DARCategoryViewController.m in Sources */ = {isa = PBXBuildFile; fileRef = D065DED0195C0D2C00FDA495 /* DARCategoryViewController.m */; };
		D065DED3195C0D2C00FDA495 /* DARCategoryViewController.xib in Resources */ = {isa = PBXBuildFile; fileRef = D065DED1195C0D2C00FDA495 /* DARCategoryViewController.xib */; };
		D065DED6195C195000FDA495 /* bkg_newsletter_sales_bookcloud_blue.png in Resources */ = {isa = PBXBuildFile; fileRef = D065DED4195C195000FDA495 /* bkg_newsletter_sales_bookcloud_blue.png */; };
		D065DED7195C195000FDA495 /* bkg_newsletter_sales_bookcloud_yellow.png in Resources */ = {isa = PBXBuildFile; fileRef = D065DED5195C195000FDA495 /* bkg_newsletter_sales_bookcloud_yellow.png */; };
		D0C931FC190FF3FE0047CB9B /* Foundation.framework in Frameworks */ = {isa = PBXBuildFile; fileRef = D0C931FB190FF3FE0047CB9B /* Foundation.framework */; };
		D0C931FE190FF3FE0047CB9B /* CoreGraphics.framework in Frameworks */ = {isa = PBXBuildFile; fileRef = D0C931FD190FF3FE0047CB9B /* CoreGraphics.framework */; };
		D0C93200190FF3FE0047CB9B /* UIKit.framework in Frameworks */ = {isa = PBXBuildFile; fileRef = D0C931FF190FF3FE0047CB9B /* UIKit.framework */; };
		D0C93206190FF3FE0047CB9B /* InfoPlist.strings in Resources */ = {isa = PBXBuildFile; fileRef = D0C93204190FF3FE0047CB9B /* InfoPlist.strings */; };
		D0C93208190FF3FE0047CB9B /* main.m in Sources */ = {isa = PBXBuildFile; fileRef = D0C93207190FF3FE0047CB9B /* main.m */; };
		D0C9320C190FF3FE0047CB9B /* DARAppDelegate.m in Sources */ = {isa = PBXBuildFile; fileRef = D0C9320B190FF3FE0047CB9B /* DARAppDelegate.m */; };
		D0C9320E190FF3FE0047CB9B /* Images.xcassets in Resources */ = {isa = PBXBuildFile; fileRef = D0C9320D190FF3FE0047CB9B /* Images.xcassets */; };
		D0C93215190FF3FE0047CB9B /* XCTest.framework in Frameworks */ = {isa = PBXBuildFile; fileRef = D0C93214190FF3FE0047CB9B /* XCTest.framework */; };
		D0C93216190FF3FE0047CB9B /* Foundation.framework in Frameworks */ = {isa = PBXBuildFile; fileRef = D0C931FB190FF3FE0047CB9B /* Foundation.framework */; };
		D0C93217190FF3FE0047CB9B /* UIKit.framework in Frameworks */ = {isa = PBXBuildFile; fileRef = D0C931FF190FF3FE0047CB9B /* UIKit.framework */; };
		D0C9321F190FF3FE0047CB9B /* InfoPlist.strings in Resources */ = {isa = PBXBuildFile; fileRef = D0C9321D190FF3FE0047CB9B /* InfoPlist.strings */; };
		D0C93221190FF3FE0047CB9B /* LicentaTests.m in Sources */ = {isa = PBXBuildFile; fileRef = D0C93220190FF3FE0047CB9B /* LicentaTests.m */; };
		D0CDE46E195AC7B300848635 /* DARWaiterViewController.m in Sources */ = {isa = PBXBuildFile; fileRef = D0CDE46C195AC7B300848635 /* DARWaiterViewController.m */; };
		D0CDE46F195AC7B300848635 /* DARWaiterViewController.xib in Resources */ = {isa = PBXBuildFile; fileRef = D0CDE46D195AC7B300848635 /* DARWaiterViewController.xib */; };
		D0DFED13193C4DAD00A6C951 /* AppIcon29x29.png in Resources */ = {isa = PBXBuildFile; fileRef = D0DFED04193C4DAD00A6C951 /* AppIcon29x29.png */; };
		D0DFED14193C4DAD00A6C951 /* AppIcon29x29@2x.png in Resources */ = {isa = PBXBuildFile; fileRef = D0DFED05193C4DAD00A6C951 /* AppIcon29x29@2x.png */; };
		D0DFED15193C4DAD00A6C951 /* AppIcon40x40.png in Resources */ = {isa = PBXBuildFile; fileRef = D0DFED06193C4DAD00A6C951 /* AppIcon40x40.png */; };
		D0DFED16193C4DAD00A6C951 /* AppIcon40x40@2x.png in Resources */ = {isa = PBXBuildFile; fileRef = D0DFED07193C4DAD00A6C951 /* AppIcon40x40@2x.png */; };
		D0DFED17193C4DAD00A6C951 /* AppIcon50x50.png in Resources */ = {isa = PBXBuildFile; fileRef = D0DFED08193C4DAD00A6C951 /* AppIcon50x50.png */; };
		D0DFED18193C4DAD00A6C951 /* AppIcon50x50@2x.png in Resources */ = {isa = PBXBuildFile; fileRef = D0DFED09193C4DAD00A6C951 /* AppIcon50x50@2x.png */; };
		D0DFED19193C4DAD00A6C951 /* AppIcon57x57.png in Resources */ = {isa = PBXBuildFile; fileRef = D0DFED0A193C4DAD00A6C951 /* AppIcon57x57.png */; };
		D0DFED1A193C4DAD00A6C951 /* AppIcon57x57@2x.png in Resources */ = {isa = PBXBuildFile; fileRef = D0DFED0B193C4DAD00A6C951 /* AppIcon57x57@2x.png */; };
		D0DFED1B193C4DAD00A6C951 /* AppIcon60x60.png in Resources */ = {isa = PBXBuildFile; fileRef = D0DFED0C193C4DAD00A6C951 /* AppIcon60x60.png */; };
		D0DFED1C193C4DAD00A6C951 /* AppIcon60x60@2x.png in Resources */ = {isa = PBXBuildFile; fileRef = D0DFED0D193C4DAD00A6C951 /* AppIcon60x60@2x.png */; };
		D0DFED1D193C4DAD00A6C951 /* AppIcon72x72.png in Resources */ = {isa = PBXBuildFile; fileRef = D0DFED0E193C4DAD00A6C951 /* AppIcon72x72.png */; };
		D0DFED1E193C4DAD00A6C951 /* AppIcon72x72@2x.png in Resources */ = {isa = PBXBuildFile; fileRef = D0DFED0F193C4DAD00A6C951 /* AppIcon72x72@2x.png */; };
		D0DFED1F193C4DAD00A6C951 /* AppIcon76x76.png in Resources */ = {isa = PBXBuildFile; fileRef = D0DFED10193C4DAD00A6C951 /* AppIcon76x76.png */; };
		D0DFED20193C4DAD00A6C951 /* AppIcon76x76@2x.png in Resources */ = {isa = PBXBuildFile; fileRef = D0DFED11193C4DAD00A6C951 /* AppIcon76x76@2x.png */; };
		D0DFED21193C4DAD00A6C951 /* launch.png in Resources */ = {isa = PBXBuildFile; fileRef = D0DFED12193C4DAD00A6C951 /* launch.png */; };
		D0DFED26193C4FA600A6C951 /* DARLogInViewController.m in Sources */ = {isa = PBXBuildFile; fileRef = D0DFED24193C4FA600A6C951 /* DARLogInViewController.m */; };
		D0DFED27193C4FA600A6C951 /* DARLogInViewController.xib in Resources */ = {isa = PBXBuildFile; fileRef = D0DFED25193C4FA600A6C951 /* DARLogInViewController.xib */; };
		D0DFED29193C517600A6C951 /* launch2.png in Resources */ = {isa = PBXBuildFile; fileRef = D0DFED28193C517600A6C951 /* launch2.png */; };
		D0DFED2B193C52E700A6C951 /* logo.png in Resources */ = {isa = PBXBuildFile; fileRef = D0DFED2A193C52E700A6C951 /* logo.png */; };
		D0DFEDB3193C644300A6C951 /* InfoPlist.strings in Resources */ = {isa = PBXBuildFile; fileRef = D0DFED7B193C644300A6C951 /* InfoPlist.strings */; };
		D0DFEDB4193C644300A6C951 /* pop-Info.plist in Resources */ = {isa = PBXBuildFile; fileRef = D0DFED7D193C644300A6C951 /* pop-Info.plist */; };
		D0DFEDB5193C644300A6C951 /* POPAnimatableProperty.mm in Sources */ = {isa = PBXBuildFile; fileRef = D0DFED82193C644300A6C951 /* POPAnimatableProperty.mm */; };
		D0DFEDB6193C644300A6C951 /* POPAnimation.mm in Sources */ = {isa = PBXBuildFile; fileRef = D0DFED84193C644300A6C951 /* POPAnimation.mm */; };
		D0DFEDB7193C644300A6C951 /* POPAnimationEvent.mm in Sources */ = {isa = PBXBuildFile; fileRef = D0DFED86193C644300A6C951 /* POPAnimationEvent.mm */; };
		D0DFEDB8193C644300A6C951 /* POPAnimationExtras.mm in Sources */ = {isa = PBXBuildFile; fileRef = D0DFED89193C644300A6C951 /* POPAnimationExtras.mm */; };
		D0DFEDB9193C644300A6C951 /* POPAnimationRuntime.mm in Sources */ = {isa = PBXBuildFile; fileRef = D0DFED8D193C644300A6C951 /* POPAnimationRuntime.mm */; };
		D0DFEDBA193C644300A6C951 /* POPAnimationTracer.mm in Sources */ = {isa = PBXBuildFile; fileRef = D0DFED8F193C644300A6C951 /* POPAnimationTracer.mm */; };
		D0DFEDBB193C644300A6C951 /* POPAnimator.mm in Sources */ = {isa = PBXBuildFile; fileRef = D0DFED92193C644300A6C951 /* POPAnimator.mm */; };
		D0DFEDBC193C644300A6C951 /* POPBasicAnimation.mm in Sources */ = {isa = PBXBuildFile; fileRef = D0DFED95193C644300A6C951 /* POPBasicAnimation.mm */; };
		D0DFEDBD193C644300A6C951 /* POPCGUtils.mm in Sources */ = {isa = PBXBuildFile; fileRef = D0DFED98193C644300A6C951 /* POPCGUtils.mm */; };
		D0DFEDBE193C644300A6C951 /* POPCustomAnimation.mm in Sources */ = {isa = PBXBuildFile; fileRef = D0DFED9A193C644300A6C951 /* POPCustomAnimation.mm */; };
		D0DFEDBF193C644300A6C951 /* POPDecayAnimation.mm in Sources */ = {isa = PBXBuildFile; fileRef = D0DFED9C193C644300A6C951 /* POPDecayAnimation.mm */; };
		D0DFEDC0193C644300A6C951 /* POPGeometry.mm in Sources */ = {isa = PBXBuildFile; fileRef = D0DFEDA0193C644300A6C951 /* POPGeometry.mm */; };
		D0DFEDC1193C644300A6C951 /* POPLayerExtras.mm in Sources */ = {isa = PBXBuildFile; fileRef = D0DFEDA2193C644300A6C951 /* POPLayerExtras.mm */; };
		D0DFEDC2193C644300A6C951 /* POPMath.mm in Sources */ = {isa = PBXBuildFile; fileRef = D0DFEDA4193C644300A6C951 /* POPMath.mm */; };
		D0DFEDC3193C644300A6C951 /* POPPropertyAnimation.mm in Sources */ = {isa = PBXBuildFile; fileRef = D0DFEDA6193C644300A6C951 /* POPPropertyAnimation.mm */; };
		D0DFEDC4193C644300A6C951 /* POPSpringAnimation.mm in Sources */ = {isa = PBXBuildFile; fileRef = D0DFEDA9193C644300A6C951 /* POPSpringAnimation.mm */; };
		D0DFEDC5193C644300A6C951 /* POPVector.mm in Sources */ = {isa = PBXBuildFile; fileRef = D0DFEDAD193C644300A6C951 /* POPVector.mm */; };
		D0DFEDC6193C644300A6C951 /* TransformationMatrix.cpp in Sources */ = {isa = PBXBuildFile; fileRef = D0DFEDB0193C644300A6C951 /* TransformationMatrix.cpp */; };
		D0DFEDC8193C6A7200A6C951 /* icon_x_over.png in Resources */ = {isa = PBXBuildFile; fileRef = D0DFEDC7193C6A7200A6C951 /* icon_x_over.png */; };
		D0EB0FF1193CAB2D0043F3E7 /* Parse.framework in Frameworks */ = {isa = PBXBuildFile; fileRef = D0EB0FF0193CAB2D0043F3E7 /* Parse.framework */; };
		D0EB0FF3193CAB4C0043F3E7 /* AudioToolbox.framework in Frameworks */ = {isa = PBXBuildFile; fileRef = D0EB0FF2193CAB4C0043F3E7 /* AudioToolbox.framework */; };
		D0EB0FF5193CAB540043F3E7 /* CFNetwork.framework in Frameworks */ = {isa = PBXBuildFile; fileRef = D0EB0FF4193CAB540043F3E7 /* CFNetwork.framework */; };
		D0EB0FF7193CAB5F0043F3E7 /* CoreLocation.framework in Frameworks */ = {isa = PBXBuildFile; fileRef = D0EB0FF6193CAB5F0043F3E7 /* CoreLocation.framework */; };
		D0EB0FF9193CAB6A0043F3E7 /* libz.dylib in Frameworks */ = {isa = PBXBuildFile; fileRef = D0EB0FF8193CAB6A0043F3E7 /* libz.dylib */; };
		D0EB0FFB193CAB720043F3E7 /* MobileCoreServices.framework in Frameworks */ = {isa = PBXBuildFile; fileRef = D0EB0FFA193CAB720043F3E7 /* MobileCoreServices.framework */; };
		D0EB0FFD193CAB7A0043F3E7 /* QuartzCore.framework in Frameworks */ = {isa = PBXBuildFile; fileRef = D0EB0FFC193CAB7A0043F3E7 /* QuartzCore.framework */; };
		D0EB0FFF193CAB810043F3E7 /* Security.framework in Frameworks */ = {isa = PBXBuildFile; fileRef = D0EB0FFE193CAB810043F3E7 /* Security.framework */; };
		D0EB1001193CAB880043F3E7 /* StoreKit.framework in Frameworks */ = {isa = PBXBuildFile; fileRef = D0EB1000193CAB880043F3E7 /* StoreKit.framework */; };
		D0EB1003193CAB920043F3E7 /* SystemConfiguration.framework in Frameworks */ = {isa = PBXBuildFile; fileRef = D0EB1002193CAB920043F3E7 /* SystemConfiguration.framework */; };
/* End PBXBuildFile section */

/* Begin PBXContainerItemProxy section */
		D0C93218190FF3FE0047CB9B /* PBXContainerItemProxy */ = {
			isa = PBXContainerItemProxy;
			containerPortal = D0C931F0190FF3FE0047CB9B /* Project object */;
			proxyType = 1;
			remoteGlobalIDString = D0C931F7190FF3FE0047CB9B;
			remoteInfo = Licenta;
		};
/* End PBXContainerItemProxy section */

/* Begin PBXFileReference section */
		D00BEAC0193C75B500BF4335 /* textfield_background.png */ = {isa = PBXFileReference; lastKnownFileType = image.png; path = textfield_background.png; sourceTree = "<group>"; };
		D00BEAC1193C75B500BF4335 /* textfieldImage.png */ = {isa = PBXFileReference; lastKnownFileType = image.png; path = textfieldImage.png; sourceTree = "<group>"; };
		D04042DD193F1699002F9BFB /* DARUser.h */ = {isa = PBXFileReference; fileEncoding = 4; lastKnownFileType = sourcecode.c.h; name = DARUser.h; path = Model/DARUser.h; sourceTree = "<group>"; };
		D04042DE193F1699002F9BFB /* DARUser.m */ = {isa = PBXFileReference; fileEncoding = 4; lastKnownFileType = sourcecode.c.objc; name = DARUser.m; path = Model/DARUser.m; sourceTree = "<group>"; };
		D04042E0193F1DE5002F9BFB /* DARMainViewController.h */ = {isa = PBXFileReference; fileEncoding = 4; lastKnownFileType = sourcecode.c.h; name = DARMainViewController.h; path = ViewControllers/DARMainViewController.h; sourceTree = "<group>"; };
		D04042E1193F1DE5002F9BFB /* DARMainViewController.m */ = {isa = PBXFileReference; fileEncoding = 4; lastKnownFileType = sourcecode.c.objc; name = DARMainViewController.m; path = ViewControllers/DARMainViewController.m; sourceTree = "<group>"; };
		D04042E2193F1DE5002F9BFB /* DARMainViewController.xib */ = {isa = PBXFileReference; fileEncoding = 4; lastKnownFileType = file.xib; name = DARMainViewController.xib; path = ViewControllers/DARMainViewController.xib; sourceTree = "<group>"; };
		D05F4AD3195ACF51007B1A6D /* OpenSans-Light.ttf */ = {isa = PBXFileReference; lastKnownFileType = file; path = "OpenSans-Light.ttf"; sourceTree = "<group>"; };
		D05F4AD4195ACF51007B1A6D /* OpenSans-Regular.ttf */ = {isa = PBXFileReference; lastKnownFileType = file; path = "OpenSans-Regular.ttf"; sourceTree = "<group>"; };
		D05F4AD5195ACF51007B1A6D /* OpenSans-Semibold.ttf */ = {isa = PBXFileReference; lastKnownFileType = file; path = "OpenSans-Semibold.ttf"; sourceTree = "<group>"; };
		D05F4ADA195AD11A007B1A6D /* UIFont+Additions.h */ = {isa = PBXFileReference; fileEncoding = 4; lastKnownFileType = sourcecode.c.h; path = "UIFont+Additions.h"; sourceTree = "<group>"; };
		D05F4ADB195AD11A007B1A6D /* UIFont+Additions.m */ = {isa = PBXFileReference; fileEncoding = 4; lastKnownFileType = sourcecode.c.objc; path = "UIFont+Additions.m"; sourceTree = "<group>"; };
		D05F4ADD195AD484007B1A6D /* icon_photo.png */ = {isa = PBXFileReference; lastKnownFileType = image.png; path = icon_photo.png; sourceTree = "<group>"; };
		D05F4ADF195AD596007B1A6D /* icon_settings_white.png */ = {isa = PBXFileReference; lastKnownFileType = image.png; path = icon_settings_white.png; sourceTree = "<group>"; };
		D05F4AE1195AD689007B1A6D /* icon_cart_white.png */ = {isa = PBXFileReference; lastKnownFileType = image.png; path = icon_cart_white.png; sourceTree = "<group>"; };
		D05F4AE3195AD6FD007B1A6D /* vertical.png */ = {isa = PBXFileReference; lastKnownFileType = image.png; path = vertical.png; sourceTree = "<group>"; };
		D05F4AE5195ADA06007B1A6D /* darius.jpg */ = {isa = PBXFileReference; lastKnownFileType = image.jpeg; path = darius.jpg; sourceTree = "<group>"; };
		D05F4AE7195ADC22007B1A6D /* darius2.jpg */ = {isa = PBXFileReference; lastKnownFileType = image.jpeg; path = darius2.jpg; sourceTree = "<group>"; };
		D05F4AE9195ADE5E007B1A6D /* icon_cart-empty_up.png */ = {isa = PBXFileReference; lastKnownFileType = image.png; path = "icon_cart-empty_up.png"; sourceTree = "<group>"; };
		D05F4AEB195AE0C1007B1A6D /* plus.png */ = {isa = PBXFileReference; lastKnownFileType = image.png; path = plus.png; sourceTree = "<group>"; };
		D05F4AEF195AEBC9007B1A6D /* DARAccountSettingsViewController.h */ = {isa = PBXFileReference; fileEncoding = 4; lastKnownFileType = sourcecode.c.h; path = DARAccountSettingsViewController.h; sourceTree = "<group>"; };
		D05F4AF0195AEBC9007B1A6D /* DARAccountSettingsViewController.m */ = {isa = PBXFileReference; fileEncoding = 4; lastKnownFileType = sourcecode.c.objc; path = DARAccountSettingsViewController.m; sourceTree = "<group>"; };
		D05F4AF1195AEBC9007B1A6D /* DARAccountSettingsViewController.xib */ = {isa = PBXFileReference; fileEncoding = 4; lastKnownFileType = file.xib; path = DARAccountSettingsViewController.xib; sourceTree = "<group>"; };
		D05F4AF5195AEBEB007B1A6D /* DARFinishOrderViewController.h */ = {isa = PBXFileReference; fileEncoding = 4; lastKnownFileType = sourcecode.c.h; path = DARFinishOrderViewController.h; sourceTree = "<group>"; };
		D05F4AF6195AEBEB007B1A6D /* DARFinishOrderViewController.m */ = {isa = PBXFileReference; fileEncoding = 4; lastKnownFileType = sourcecode.c.objc; path = DARFinishOrderViewController.m; sourceTree = "<group>"; };
		D05F4AF7195AEBEB007B1A6D /* DARFinishOrderViewController.xib */ = {isa = PBXFileReference; fileEncoding = 4; lastKnownFileType = file.xib; path = DARFinishOrderViewController.xib; sourceTree = "<group>"; };
		D05F4AFB195AEC0E007B1A6D /* DARAddItemsViewController.h */ = {isa = PBXFileReference; fileEncoding = 4; lastKnownFileType = sourcecode.c.h; path = DARAddItemsViewController.h; sourceTree = "<group>"; };
		D05F4AFC195AEC0E007B1A6D /* DARAddItemsViewController.m */ = {isa = PBXFileReference; fileEncoding = 4; lastKnownFileType = sourcecode.c.objc; path = DARAddItemsViewController.m; sourceTree = "<group>"; };
		D05F4AFD195AEC0E007B1A6D /* DARAddItemsViewController.xib */ = {isa = PBXFileReference; fileEncoding = 4; lastKnownFileType = file.xib; path = DARAddItemsViewController.xib; sourceTree = "<group>"; };
		D05F4B00195AF925007B1A6D /* DARTable.h */ = {isa = PBXFileReference; fileEncoding = 4; lastKnownFileType = sourcecode.c.h; name = DARTable.h; path = Model/DARTable.h; sourceTree = "<group>"; };
		D05F4B01195AF925007B1A6D /* DARTable.m */ = {isa = PBXFileReference; fileEncoding = 4; lastKnownFileType = sourcecode.c.objc; name = DARTable.m; path = Model/DARTable.m; sourceTree = "<group>"; };
		D065DEB6195BF34B00FDA495 /* btn_back_white.png */ = {isa = PBXFileReference; lastKnownFileType = image.png; path = btn_back_white.png; sourceTree = "<group>"; };
		D065DEB9195BF8A400FDA495 /* DARSelectRestaurantViewController.h */ = {isa = PBXFileReference; fileEncoding = 4; lastKnownFileType = sourcecode.c.h; name = DARSelectRestaurantViewController.h; path = ViewControllers/DARSelectRestaurantViewController.h; sourceTree = "<group>"; };
		D065DEBA195BF8A400FDA495 /* DARSelectRestaurantViewController.m */ = {isa = PBXFileReference; fileEncoding = 4; lastKnownFileType = sourcecode.c.objc; name = DARSelectRestaurantViewController.m; path = ViewControllers/DARSelectRestaurantViewController.m; sourceTree = "<group>"; };
		D065DEBB195BF8A400FDA495 /* DARSelectRestaurantViewController.xib */ = {isa = PBXFileReference; fileEncoding = 4; lastKnownFileType = file.xib; name = DARSelectRestaurantViewController.xib; path = ViewControllers/DARSelectRestaurantViewController.xib; sourceTree = "<group>"; };
		D065DEBE195C0CFA00FDA495 /* all.png */ = {isa = PBXFileReference; lastKnownFileType = image.png; path = all.png; sourceTree = "<group>"; };
		D065DEBF195C0CFA00FDA495 /* dessert.png */ = {isa = PBXFileReference; lastKnownFileType = image.png; path = dessert.png; sourceTree = "<group>"; };
		D065DEC0195C0CFA00FDA495 /* drink.png */ = {isa = PBXFileReference; lastKnownFileType = image.png; path = drink.png; sourceTree = "<group>"; };
		D065DEC1195C0CFA00FDA495 /* meat.png */ = {isa = PBXFileReference; lastKnownFileType = image.png; path = meat.png; sourceTree = "<group>"; };
		D065DEC2195C0CFA00FDA495 /* pasta.png */ = {isa = PBXFileReference; lastKnownFileType = image.png; path = pasta.png; sourceTree = "<group>"; };
		D065DEC3195C0CFA00FDA495 /* pizza.png */ = {isa = PBXFileReference; lastKnownFileType = image.png; path = pizza.png; sourceTree = "<group>"; };
		D065DEC4195C0CFA00FDA495 /* salad.png */ = {isa = PBXFileReference; lastKnownFileType = image.png; path = salad.png; sourceTree = "<group>"; };
		D065DEC5195C0CFA00FDA495 /* soup.png */ = {isa = PBXFileReference; lastKnownFileType = image.png; path = soup.png; sourceTree = "<group>"; };
		D065DECF195C0D2C00FDA495 /* DARCategoryViewController.h */ = {isa = PBXFileReference; fileEncoding = 4; lastKnownFileType = sourcecode.c.h; name = DARCategoryViewController.h; path = ViewControllers/DARCategoryViewController.h; sourceTree = "<group>"; };
		D065DED0195C0D2C00FDA495 /* DARCategoryViewController.m */ = {isa = PBXFileReference; fileEncoding = 4; lastKnownFileType = sourcecode.c.objc; name = DARCategoryViewController.m; path = ViewControllers/DARCategoryViewController.m; sourceTree = "<group>"; };
		D065DED1195C0D2C00FDA495 /* DARCategoryViewController.xib */ = {isa = PBXFileReference; fileEncoding = 4; lastKnownFileType = file.xib; name = DARCategoryViewController.xib; path = ViewControllers/DARCategoryViewController.xib; sourceTree = "<group>"; };
		D065DED4195C195000FDA495 /* bkg_newsletter_sales_bookcloud_blue.png */ = {isa = PBXFileReference; lastKnownFileType = image.png; path = bkg_newsletter_sales_bookcloud_blue.png; sourceTree = "<group>"; };
		D065DED5195C195000FDA495 /* bkg_newsletter_sales_bookcloud_yellow.png */ = {isa = PBXFileReference; lastKnownFileType = image.png; path = bkg_newsletter_sales_bookcloud_yellow.png; sourceTree = "<group>"; };
		D0C931F8190FF3FE0047CB9B /* Foodie.app */ = {isa = PBXFileReference; explicitFileType = wrapper.application; includeInIndex = 0; path = Foodie.app; sourceTree = BUILT_PRODUCTS_DIR; };
		D0C931FB190FF3FE0047CB9B /* Foundation.framework */ = {isa = PBXFileReference; lastKnownFileType = wrapper.framework; name = Foundation.framework; path = System/Library/Frameworks/Foundation.framework; sourceTree = SDKROOT; };
		D0C931FD190FF3FE0047CB9B /* CoreGraphics.framework */ = {isa = PBXFileReference; lastKnownFileType = wrapper.framework; name = CoreGraphics.framework; path = System/Library/Frameworks/CoreGraphics.framework; sourceTree = SDKROOT; };
		D0C931FF190FF3FE0047CB9B /* UIKit.framework */ = {isa = PBXFileReference; lastKnownFileType = wrapper.framework; name = UIKit.framework; path = System/Library/Frameworks/UIKit.framework; sourceTree = SDKROOT; };
		D0C93203190FF3FE0047CB9B /* Foodie-Info.plist */ = {isa = PBXFileReference; lastKnownFileType = text.plist.xml; path = "Foodie-Info.plist"; sourceTree = "<group>"; };
		D0C93205190FF3FE0047CB9B /* en */ = {isa = PBXFileReference; lastKnownFileType = text.plist.strings; name = en; path = en.lproj/InfoPlist.strings; sourceTree = "<group>"; };
		D0C93207190FF3FE0047CB9B /* main.m */ = {isa = PBXFileReference; lastKnownFileType = sourcecode.c.objc; path = main.m; sourceTree = "<group>"; };
		D0C93209190FF3FE0047CB9B /* Foodie-Prefix.pch */ = {isa = PBXFileReference; lastKnownFileType = sourcecode.c.h; path = "Foodie-Prefix.pch"; sourceTree = "<group>"; };
		D0C9320A190FF3FE0047CB9B /* DARAppDelegate.h */ = {isa = PBXFileReference; lastKnownFileType = sourcecode.c.h; path = DARAppDelegate.h; sourceTree = "<group>"; };
		D0C9320B190FF3FE0047CB9B /* DARAppDelegate.m */ = {isa = PBXFileReference; lastKnownFileType = sourcecode.c.objc; path = DARAppDelegate.m; sourceTree = "<group>"; };
		D0C9320D190FF3FE0047CB9B /* Images.xcassets */ = {isa = PBXFileReference; lastKnownFileType = folder.assetcatalog; path = Images.xcassets; sourceTree = "<group>"; };
		D0C93213190FF3FE0047CB9B /* FoodieTests.xctest */ = {isa = PBXFileReference; explicitFileType = wrapper.cfbundle; includeInIndex = 0; path = FoodieTests.xctest; sourceTree = BUILT_PRODUCTS_DIR; };
		D0C93214190FF3FE0047CB9B /* XCTest.framework */ = {isa = PBXFileReference; lastKnownFileType = wrapper.framework; name = XCTest.framework; path = Library/Frameworks/XCTest.framework; sourceTree = DEVELOPER_DIR; };
		D0C9321C190FF3FE0047CB9B /* FoodieTests-Info.plist */ = {isa = PBXFileReference; lastKnownFileType = text.plist.xml; path = "FoodieTests-Info.plist"; sourceTree = "<group>"; };
		D0C9321E190FF3FE0047CB9B /* en */ = {isa = PBXFileReference; lastKnownFileType = text.plist.strings; name = en; path = en.lproj/InfoPlist.strings; sourceTree = "<group>"; };
		D0C93220190FF3FE0047CB9B /* LicentaTests.m */ = {isa = PBXFileReference; lastKnownFileType = sourcecode.c.objc; path = LicentaTests.m; sourceTree = "<group>"; };
		D0CDE46B195AC7B300848635 /* DARWaiterViewController.h */ = {isa = PBXFileReference; fileEncoding = 4; lastKnownFileType = sourcecode.c.h; name = DARWaiterViewController.h; path = ViewControllers/DARWaiterViewController.h; sourceTree = "<group>"; };
		D0CDE46C195AC7B300848635 /* DARWaiterViewController.m */ = {isa = PBXFileReference; fileEncoding = 4; lastKnownFileType = sourcecode.c.objc; name = DARWaiterViewController.m; path = ViewControllers/DARWaiterViewController.m; sourceTree = "<group>"; };
		D0CDE46D195AC7B300848635 /* DARWaiterViewController.xib */ = {isa = PBXFileReference; fileEncoding = 4; lastKnownFileType = file.xib; name = DARWaiterViewController.xib; path = ViewControllers/DARWaiterViewController.xib; sourceTree = "<group>"; };
		D0DFED04193C4DAD00A6C951 /* AppIcon29x29.png */ = {isa = PBXFileReference; lastKnownFileType = image.png; path = AppIcon29x29.png; sourceTree = "<group>"; };
		D0DFED05193C4DAD00A6C951 /* AppIcon29x29@2x.png */ = {isa = PBXFileReference; lastKnownFileType = image.png; path = "AppIcon29x29@2x.png"; sourceTree = "<group>"; };
		D0DFED06193C4DAD00A6C951 /* AppIcon40x40.png */ = {isa = PBXFileReference; lastKnownFileType = image.png; path = AppIcon40x40.png; sourceTree = "<group>"; };
		D0DFED07193C4DAD00A6C951 /* AppIcon40x40@2x.png */ = {isa = PBXFileReference; lastKnownFileType = image.png; path = "AppIcon40x40@2x.png"; sourceTree = "<group>"; };
		D0DFED08193C4DAD00A6C951 /* AppIcon50x50.png */ = {isa = PBXFileReference; lastKnownFileType = image.png; path = AppIcon50x50.png; sourceTree = "<group>"; };
		D0DFED09193C4DAD00A6C951 /* AppIcon50x50@2x.png */ = {isa = PBXFileReference; lastKnownFileType = image.png; path = "AppIcon50x50@2x.png"; sourceTree = "<group>"; };
		D0DFED0A193C4DAD00A6C951 /* AppIcon57x57.png */ = {isa = PBXFileReference; lastKnownFileType = image.png; path = AppIcon57x57.png; sourceTree = "<group>"; };
		D0DFED0B193C4DAD00A6C951 /* AppIcon57x57@2x.png */ = {isa = PBXFileReference; lastKnownFileType = image.png; path = "AppIcon57x57@2x.png"; sourceTree = "<group>"; };
		D0DFED0C193C4DAD00A6C951 /* AppIcon60x60.png */ = {isa = PBXFileReference; lastKnownFileType = image.png; path = AppIcon60x60.png; sourceTree = "<group>"; };
		D0DFED0D193C4DAD00A6C951 /* AppIcon60x60@2x.png */ = {isa = PBXFileReference; lastKnownFileType = image.png; path = "AppIcon60x60@2x.png"; sourceTree = "<group>"; };
		D0DFED0E193C4DAD00A6C951 /* AppIcon72x72.png */ = {isa = PBXFileReference; lastKnownFileType = image.png; path = AppIcon72x72.png; sourceTree = "<group>"; };
		D0DFED0F193C4DAD00A6C951 /* AppIcon72x72@2x.png */ = {isa = PBXFileReference; lastKnownFileType = image.png; path = "AppIcon72x72@2x.png"; sourceTree = "<group>"; };
		D0DFED10193C4DAD00A6C951 /* AppIcon76x76.png */ = {isa = PBXFileReference; lastKnownFileType = image.png; path = AppIcon76x76.png; sourceTree = "<group>"; };
		D0DFED11193C4DAD00A6C951 /* AppIcon76x76@2x.png */ = {isa = PBXFileReference; lastKnownFileType = image.png; path = "AppIcon76x76@2x.png"; sourceTree = "<group>"; };
		D0DFED12193C4DAD00A6C951 /* launch.png */ = {isa = PBXFileReference; lastKnownFileType = image.png; path = launch.png; sourceTree = "<group>"; };
		D0DFED23193C4FA600A6C951 /* DARLogInViewController.h */ = {isa = PBXFileReference; fileEncoding = 4; lastKnownFileType = sourcecode.c.h; name = DARLogInViewController.h; path = ViewControllers/DARLogInViewController.h; sourceTree = "<group>"; };
		D0DFED24193C4FA600A6C951 /* DARLogInViewController.m */ = {isa = PBXFileReference; fileEncoding = 4; lastKnownFileType = sourcecode.c.objc; name = DARLogInViewController.m; path = ViewControllers/DARLogInViewController.m; sourceTree = "<group>"; };
		D0DFED25193C4FA600A6C951 /* DARLogInViewController.xib */ = {isa = PBXFileReference; fileEncoding = 4; lastKnownFileType = file.xib; name = DARLogInViewController.xib; path = ViewControllers/DARLogInViewController.xib; sourceTree = "<group>"; };
		D0DFED28193C517600A6C951 /* launch2.png */ = {isa = PBXFileReference; lastKnownFileType = image.png; path = launch2.png; sourceTree = "<group>"; };
		D0DFED2A193C52E700A6C951 /* logo.png */ = {isa = PBXFileReference; lastKnownFileType = image.png; path = logo.png; sourceTree = "<group>"; };
		D0DFED7C193C644300A6C951 /* en */ = {isa = PBXFileReference; lastKnownFileType = text.plist.strings; name = en; path = en.lproj/InfoPlist.strings; sourceTree = "<group>"; };
		D0DFED7D193C644300A6C951 /* pop-Info.plist */ = {isa = PBXFileReference; fileEncoding = 4; lastKnownFileType = text.plist.xml; path = "pop-Info.plist"; sourceTree = "<group>"; };
		D0DFED7E193C644300A6C951 /* pop-Prefix.pch */ = {isa = PBXFileReference; fileEncoding = 4; lastKnownFileType = sourcecode.c.h; path = "pop-Prefix.pch"; sourceTree = "<group>"; };
		D0DFED7F193C644300A6C951 /* POP.h */ = {isa = PBXFileReference; fileEncoding = 4; lastKnownFileType = sourcecode.c.h; path = POP.h; sourceTree = "<group>"; };
		D0DFED80193C644300A6C951 /* POPAction.h */ = {isa = PBXFileReference; fileEncoding = 4; lastKnownFileType = sourcecode.c.h; path = POPAction.h; sourceTree = "<group>"; };
		D0DFED81193C644300A6C951 /* POPAnimatableProperty.h */ = {isa = PBXFileReference; fileEncoding = 4; lastKnownFileType = sourcecode.c.h; path = POPAnimatableProperty.h; sourceTree = "<group>"; };
		D0DFED82193C644300A6C951 /* POPAnimatableProperty.mm */ = {isa = PBXFileReference; fileEncoding = 4; lastKnownFileType = sourcecode.cpp.objcpp; path = POPAnimatableProperty.mm; sourceTree = "<group>"; };
		D0DFED83193C644300A6C951 /* POPAnimation.h */ = {isa = PBXFileReference; fileEncoding = 4; lastKnownFileType = sourcecode.c.h; path = POPAnimation.h; sourceTree = "<group>"; };
		D0DFED84193C644300A6C951 /* POPAnimation.mm */ = {isa = PBXFileReference; fileEncoding = 4; lastKnownFileType = sourcecode.cpp.objcpp; path = POPAnimation.mm; sourceTree = "<group>"; };
		D0DFED85193C644300A6C951 /* POPAnimationEvent.h */ = {isa = PBXFileReference; fileEncoding = 4; lastKnownFileType = sourcecode.c.h; path = POPAnimationEvent.h; sourceTree = "<group>"; };
		D0DFED86193C644300A6C951 /* POPAnimationEvent.mm */ = {isa = PBXFileReference; fileEncoding = 4; lastKnownFileType = sourcecode.cpp.objcpp; path = POPAnimationEvent.mm; sourceTree = "<group>"; };
		D0DFED87193C644300A6C951 /* POPAnimationEventInternal.h */ = {isa = PBXFileReference; fileEncoding = 4; lastKnownFileType = sourcecode.c.h; path = POPAnimationEventInternal.h; sourceTree = "<group>"; };
		D0DFED88193C644300A6C951 /* POPAnimationExtras.h */ = {isa = PBXFileReference; fileEncoding = 4; lastKnownFileType = sourcecode.c.h; path = POPAnimationExtras.h; sourceTree = "<group>"; };
		D0DFED89193C644300A6C951 /* POPAnimationExtras.mm */ = {isa = PBXFileReference; fileEncoding = 4; lastKnownFileType = sourcecode.cpp.objcpp; path = POPAnimationExtras.mm; sourceTree = "<group>"; };
		D0DFED8A193C644300A6C951 /* POPAnimationInternal.h */ = {isa = PBXFileReference; fileEncoding = 4; lastKnownFileType = sourcecode.c.h; path = POPAnimationInternal.h; sourceTree = "<group>"; };
		D0DFED8B193C644300A6C951 /* POPAnimationPrivate.h */ = {isa = PBXFileReference; fileEncoding = 4; lastKnownFileType = sourcecode.c.h; path = POPAnimationPrivate.h; sourceTree = "<group>"; };
		D0DFED8C193C644300A6C951 /* POPAnimationRuntime.h */ = {isa = PBXFileReference; fileEncoding = 4; lastKnownFileType = sourcecode.c.h; path = POPAnimationRuntime.h; sourceTree = "<group>"; };
		D0DFED8D193C644300A6C951 /* POPAnimationRuntime.mm */ = {isa = PBXFileReference; fileEncoding = 4; lastKnownFileType = sourcecode.cpp.objcpp; path = POPAnimationRuntime.mm; sourceTree = "<group>"; };
		D0DFED8E193C644300A6C951 /* POPAnimationTracer.h */ = {isa = PBXFileReference; fileEncoding = 4; lastKnownFileType = sourcecode.c.h; path = POPAnimationTracer.h; sourceTree = "<group>"; };
		D0DFED8F193C644300A6C951 /* POPAnimationTracer.mm */ = {isa = PBXFileReference; fileEncoding = 4; lastKnownFileType = sourcecode.cpp.objcpp; path = POPAnimationTracer.mm; sourceTree = "<group>"; };
		D0DFED90193C644300A6C951 /* POPAnimationTracerInternal.h */ = {isa = PBXFileReference; fileEncoding = 4; lastKnownFileType = sourcecode.c.h; path = POPAnimationTracerInternal.h; sourceTree = "<group>"; };
		D0DFED91193C644300A6C951 /* POPAnimator.h */ = {isa = PBXFileReference; fileEncoding = 4; lastKnownFileType = sourcecode.c.h; path = POPAnimator.h; sourceTree = "<group>"; };
		D0DFED92193C644300A6C951 /* POPAnimator.mm */ = {isa = PBXFileReference; fileEncoding = 4; lastKnownFileType = sourcecode.cpp.objcpp; path = POPAnimator.mm; sourceTree = "<group>"; };
		D0DFED93193C644300A6C951 /* POPAnimatorPrivate.h */ = {isa = PBXFileReference; fileEncoding = 4; lastKnownFileType = sourcecode.c.h; path = POPAnimatorPrivate.h; sourceTree = "<group>"; };
		D0DFED94193C644300A6C951 /* POPBasicAnimation.h */ = {isa = PBXFileReference; fileEncoding = 4; lastKnownFileType = sourcecode.c.h; path = POPBasicAnimation.h; sourceTree = "<group>"; };
		D0DFED95193C644300A6C951 /* POPBasicAnimation.mm */ = {isa = PBXFileReference; fileEncoding = 4; lastKnownFileType = sourcecode.cpp.objcpp; path = POPBasicAnimation.mm; sourceTree = "<group>"; };
		D0DFED96193C644300A6C951 /* POPBasicAnimationInternal.h */ = {isa = PBXFileReference; fileEncoding = 4; lastKnownFileType = sourcecode.c.h; path = POPBasicAnimationInternal.h; sourceTree = "<group>"; };
		D0DFED97193C644300A6C951 /* POPCGUtils.h */ = {isa = PBXFileReference; fileEncoding = 4; lastKnownFileType = sourcecode.c.h; path = POPCGUtils.h; sourceTree = "<group>"; };
		D0DFED98193C644300A6C951 /* POPCGUtils.mm */ = {isa = PBXFileReference; fileEncoding = 4; lastKnownFileType = sourcecode.cpp.objcpp; path = POPCGUtils.mm; sourceTree = "<group>"; };
		D0DFED99193C644300A6C951 /* POPCustomAnimation.h */ = {isa = PBXFileReference; fileEncoding = 4; lastKnownFileType = sourcecode.c.h; path = POPCustomAnimation.h; sourceTree = "<group>"; };
		D0DFED9A193C644300A6C951 /* POPCustomAnimation.mm */ = {isa = PBXFileReference; fileEncoding = 4; lastKnownFileType = sourcecode.cpp.objcpp; path = POPCustomAnimation.mm; sourceTree = "<group>"; };
		D0DFED9B193C644300A6C951 /* POPDecayAnimation.h */ = {isa = PBXFileReference; fileEncoding = 4; lastKnownFileType = sourcecode.c.h; path = POPDecayAnimation.h; sourceTree = "<group>"; };
		D0DFED9C193C644300A6C951 /* POPDecayAnimation.mm */ = {isa = PBXFileReference; fileEncoding = 4; lastKnownFileType = sourcecode.cpp.objcpp; path = POPDecayAnimation.mm; sourceTree = "<group>"; };
		D0DFED9D193C644300A6C951 /* POPDecayAnimationInternal.h */ = {isa = PBXFileReference; fileEncoding = 4; lastKnownFileType = sourcecode.c.h; path = POPDecayAnimationInternal.h; sourceTree = "<group>"; };
		D0DFED9E193C644300A6C951 /* POPDefines.h */ = {isa = PBXFileReference; fileEncoding = 4; lastKnownFileType = sourcecode.c.h; path = POPDefines.h; sourceTree = "<group>"; };
		D0DFED9F193C644300A6C951 /* POPGeometry.h */ = {isa = PBXFileReference; fileEncoding = 4; lastKnownFileType = sourcecode.c.h; path = POPGeometry.h; sourceTree = "<group>"; };
		D0DFEDA0193C644300A6C951 /* POPGeometry.mm */ = {isa = PBXFileReference; fileEncoding = 4; lastKnownFileType = sourcecode.cpp.objcpp; path = POPGeometry.mm; sourceTree = "<group>"; };
		D0DFEDA1193C644300A6C951 /* POPLayerExtras.h */ = {isa = PBXFileReference; fileEncoding = 4; lastKnownFileType = sourcecode.c.h; path = POPLayerExtras.h; sourceTree = "<group>"; };
		D0DFEDA2193C644300A6C951 /* POPLayerExtras.mm */ = {isa = PBXFileReference; fileEncoding = 4; lastKnownFileType = sourcecode.cpp.objcpp; path = POPLayerExtras.mm; sourceTree = "<group>"; };
		D0DFEDA3193C644300A6C951 /* POPMath.h */ = {isa = PBXFileReference; fileEncoding = 4; lastKnownFileType = sourcecode.c.h; path = POPMath.h; sourceTree = "<group>"; };
		D0DFEDA4193C644300A6C951 /* POPMath.mm */ = {isa = PBXFileReference; fileEncoding = 4; lastKnownFileType = sourcecode.cpp.objcpp; path = POPMath.mm; sourceTree = "<group>"; };
		D0DFEDA5193C644300A6C951 /* POPPropertyAnimation.h */ = {isa = PBXFileReference; fileEncoding = 4; lastKnownFileType = sourcecode.c.h; path = POPPropertyAnimation.h; sourceTree = "<group>"; };
		D0DFEDA6193C644300A6C951 /* POPPropertyAnimation.mm */ = {isa = PBXFileReference; fileEncoding = 4; lastKnownFileType = sourcecode.cpp.objcpp; path = POPPropertyAnimation.mm; sourceTree = "<group>"; };
		D0DFEDA7193C644300A6C951 /* POPPropertyAnimationInternal.h */ = {isa = PBXFileReference; fileEncoding = 4; lastKnownFileType = sourcecode.c.h; path = POPPropertyAnimationInternal.h; sourceTree = "<group>"; };
		D0DFEDA8193C644300A6C951 /* POPSpringAnimation.h */ = {isa = PBXFileReference; fileEncoding = 4; lastKnownFileType = sourcecode.c.h; path = POPSpringAnimation.h; sourceTree = "<group>"; };
		D0DFEDA9193C644300A6C951 /* POPSpringAnimation.mm */ = {isa = PBXFileReference; fileEncoding = 4; lastKnownFileType = sourcecode.cpp.objcpp; path = POPSpringAnimation.mm; sourceTree = "<group>"; };
		D0DFEDAA193C644300A6C951 /* POPSpringAnimationInternal.h */ = {isa = PBXFileReference; fileEncoding = 4; lastKnownFileType = sourcecode.c.h; path = POPSpringAnimationInternal.h; sourceTree = "<group>"; };
		D0DFEDAB193C644300A6C951 /* POPSpringSolver.h */ = {isa = PBXFileReference; fileEncoding = 4; lastKnownFileType = sourcecode.c.h; path = POPSpringSolver.h; sourceTree = "<group>"; };
		D0DFEDAC193C644300A6C951 /* POPVector.h */ = {isa = PBXFileReference; fileEncoding = 4; lastKnownFileType = sourcecode.c.h; path = POPVector.h; sourceTree = "<group>"; };
		D0DFEDAD193C644300A6C951 /* POPVector.mm */ = {isa = PBXFileReference; fileEncoding = 4; lastKnownFileType = sourcecode.cpp.objcpp; path = POPVector.mm; sourceTree = "<group>"; };
		D0DFEDAF193C644300A6C951 /* FloatConversion.h */ = {isa = PBXFileReference; fileEncoding = 4; lastKnownFileType = sourcecode.c.h; path = FloatConversion.h; sourceTree = "<group>"; };
		D0DFEDB0193C644300A6C951 /* TransformationMatrix.cpp */ = {isa = PBXFileReference; fileEncoding = 4; lastKnownFileType = sourcecode.cpp.cpp; path = TransformationMatrix.cpp; sourceTree = "<group>"; };
		D0DFEDB1193C644300A6C951 /* TransformationMatrix.h */ = {isa = PBXFileReference; fileEncoding = 4; lastKnownFileType = sourcecode.c.h; path = TransformationMatrix.h; sourceTree = "<group>"; };
		D0DFEDB2193C644300A6C951 /* UnitBezier.h */ = {isa = PBXFileReference; fileEncoding = 4; lastKnownFileType = sourcecode.c.h; path = UnitBezier.h; sourceTree = "<group>"; };
		D0DFEDC7193C6A7200A6C951 /* icon_x_over.png */ = {isa = PBXFileReference; lastKnownFileType = image.png; path = icon_x_over.png; sourceTree = "<group>"; };
		D0EB0FF0193CAB2D0043F3E7 /* Parse.framework */ = {isa = PBXFileReference; lastKnownFileType = wrapper.framework; path = Parse.framework; sourceTree = "<group>"; };
		D0EB0FF2193CAB4C0043F3E7 /* AudioToolbox.framework */ = {isa = PBXFileReference; lastKnownFileType = wrapper.framework; name = AudioToolbox.framework; path = System/Library/Frameworks/AudioToolbox.framework; sourceTree = SDKROOT; };
		D0EB0FF4193CAB540043F3E7 /* CFNetwork.framework */ = {isa = PBXFileReference; lastKnownFileType = wrapper.framework; name = CFNetwork.framework; path = System/Library/Frameworks/CFNetwork.framework; sourceTree = SDKROOT; };
		D0EB0FF6193CAB5F0043F3E7 /* CoreLocation.framework */ = {isa = PBXFileReference; lastKnownFileType = wrapper.framework; name = CoreLocation.framework; path = System/Library/Frameworks/CoreLocation.framework; sourceTree = SDKROOT; };
		D0EB0FF8193CAB6A0043F3E7 /* libz.dylib */ = {isa = PBXFileReference; lastKnownFileType = "compiled.mach-o.dylib"; name = libz.dylib; path = usr/lib/libz.dylib; sourceTree = SDKROOT; };
		D0EB0FFA193CAB720043F3E7 /* MobileCoreServices.framework */ = {isa = PBXFileReference; lastKnownFileType = wrapper.framework; name = MobileCoreServices.framework; path = System/Library/Frameworks/MobileCoreServices.framework; sourceTree = SDKROOT; };
		D0EB0FFC193CAB7A0043F3E7 /* QuartzCore.framework */ = {isa = PBXFileReference; lastKnownFileType = wrapper.framework; name = QuartzCore.framework; path = System/Library/Frameworks/QuartzCore.framework; sourceTree = SDKROOT; };
		D0EB0FFE193CAB810043F3E7 /* Security.framework */ = {isa = PBXFileReference; lastKnownFileType = wrapper.framework; name = Security.framework; path = System/Library/Frameworks/Security.framework; sourceTree = SDKROOT; };
		D0EB1000193CAB880043F3E7 /* StoreKit.framework */ = {isa = PBXFileReference; lastKnownFileType = wrapper.framework; name = StoreKit.framework; path = System/Library/Frameworks/StoreKit.framework; sourceTree = SDKROOT; };
		D0EB1002193CAB920043F3E7 /* SystemConfiguration.framework */ = {isa = PBXFileReference; lastKnownFileType = wrapper.framework; name = SystemConfiguration.framework; path = System/Library/Frameworks/SystemConfiguration.framework; sourceTree = SDKROOT; };
/* End PBXFileReference section */

/* Begin PBXFrameworksBuildPhase section */
		D0C931F5190FF3FE0047CB9B /* Frameworks */ = {
			isa = PBXFrameworksBuildPhase;
			buildActionMask = 2147483647;
			files = (
				D0EB1003193CAB920043F3E7 /* SystemConfiguration.framework in Frameworks */,
				D0EB1001193CAB880043F3E7 /* StoreKit.framework in Frameworks */,
				D0EB0FFF193CAB810043F3E7 /* Security.framework in Frameworks */,
				D0EB0FFD193CAB7A0043F3E7 /* QuartzCore.framework in Frameworks */,
				D0EB0FFB193CAB720043F3E7 /* MobileCoreServices.framework in Frameworks */,
				D0EB0FF9193CAB6A0043F3E7 /* libz.dylib in Frameworks */,
				D0EB0FF7193CAB5F0043F3E7 /* CoreLocation.framework in Frameworks */,
				D0EB0FF5193CAB540043F3E7 /* CFNetwork.framework in Frameworks */,
				D0EB0FF3193CAB4C0043F3E7 /* AudioToolbox.framework in Frameworks */,
				D0C931FE190FF3FE0047CB9B /* CoreGraphics.framework in Frameworks */,
				D0C93200190FF3FE0047CB9B /* UIKit.framework in Frameworks */,
				D0EB0FF1193CAB2D0043F3E7 /* Parse.framework in Frameworks */,
				D0C931FC190FF3FE0047CB9B /* Foundation.framework in Frameworks */,
			);
			runOnlyForDeploymentPostprocessing = 0;
		};
		D0C93210190FF3FE0047CB9B /* Frameworks */ = {
			isa = PBXFrameworksBuildPhase;
			buildActionMask = 2147483647;
			files = (
				D0C93215190FF3FE0047CB9B /* XCTest.framework in Frameworks */,
				D0C93217190FF3FE0047CB9B /* UIKit.framework in Frameworks */,
				D0C93216190FF3FE0047CB9B /* Foundation.framework in Frameworks */,
			);
			runOnlyForDeploymentPostprocessing = 0;
		};
/* End PBXFrameworksBuildPhase section */

/* Begin PBXGroup section */
		D04042DC193F167C002F9BFB /* Model */ = {
			isa = PBXGroup;
			children = (
				D04042DD193F1699002F9BFB /* DARUser.h */,
				D04042DE193F1699002F9BFB /* DARUser.m */,
				D05F4B00195AF925007B1A6D /* DARTable.h */,
				D05F4B01195AF925007B1A6D /* DARTable.m */,
			);
			name = Model;
			sourceTree = "<group>";
		};
		D05F4AD2195ACF51007B1A6D /* Fonts */ = {
			isa = PBXGroup;
			children = (
				D05F4AD3195ACF51007B1A6D /* OpenSans-Light.ttf */,
				D05F4AD4195ACF51007B1A6D /* OpenSans-Regular.ttf */,
				D05F4AD5195ACF51007B1A6D /* OpenSans-Semibold.ttf */,
			);
			path = Fonts;
			sourceTree = "<group>";
		};
		D05F4AD9195AD11A007B1A6D /* Additions */ = {
			isa = PBXGroup;
			children = (
				D05F4ADA195AD11A007B1A6D /* UIFont+Additions.h */,
				D05F4ADB195AD11A007B1A6D /* UIFont+Additions.m */,
			);
			path = Additions;
			sourceTree = "<group>";
		};
		D05F4AED195AEB9B007B1A6D /* AccountSettingsViewController */ = {
			isa = PBXGroup;
			children = (
				D05F4AEF195AEBC9007B1A6D /* DARAccountSettingsViewController.h */,
				D05F4AF0195AEBC9007B1A6D /* DARAccountSettingsViewController.m */,
				D05F4AF1195AEBC9007B1A6D /* DARAccountSettingsViewController.xib */,
			);
			name = AccountSettingsViewController;
			sourceTree = "<group>";
		};
		D05F4AF4195AEBD1007B1A6D /* FinishOrderViewController */ = {
			isa = PBXGroup;
			children = (
				D05F4AF5195AEBEB007B1A6D /* DARFinishOrderViewController.h */,
				D05F4AF6195AEBEB007B1A6D /* DARFinishOrderViewController.m */,
				D05F4AF7195AEBEB007B1A6D /* DARFinishOrderViewController.xib */,
			);
			name = FinishOrderViewController;
			sourceTree = "<group>";
		};
		D05F4AFA195AEBF2007B1A6D /* AddItemsViewController */ = {
			isa = PBXGroup;
			children = (
				D05F4AFB195AEC0E007B1A6D /* DARAddItemsViewController.h */,
				D05F4AFC195AEC0E007B1A6D /* DARAddItemsViewController.m */,
				D05F4AFD195AEC0E007B1A6D /* DARAddItemsViewController.xib */,
			);
			name = AddItemsViewController;
			sourceTree = "<group>";
		};
		D065DEB8195BF87500FDA495 /* SelectRestaurantViewController */ = {
			isa = PBXGroup;
			children = (
				D065DEB9195BF8A400FDA495 /* DARSelectRestaurantViewController.h */,
				D065DEBA195BF8A400FDA495 /* DARSelectRestaurantViewController.m */,
				D065DEBB195BF8A400FDA495 /* DARSelectRestaurantViewController.xib */,
			);
			name = SelectRestaurantViewController;
			sourceTree = "<group>";
		};
		D065DECE195C0D0D00FDA495 /* CategoryViewController */ = {
			isa = PBXGroup;
			children = (
				D065DECF195C0D2C00FDA495 /* DARCategoryViewController.h */,
				D065DED0195C0D2C00FDA495 /* DARCategoryViewController.m */,
				D065DED1195C0D2C00FDA495 /* DARCategoryViewController.xib */,
			);
			name = CategoryViewController;
			sourceTree = "<group>";
		};
		D0C931EF190FF3FE0047CB9B = {
			isa = PBXGroup;
			children = (
				D0C93201190FF3FE0047CB9B /* Licenta */,
				D0C9321A190FF3FE0047CB9B /* LicentaTests */,
				D0C931FA190FF3FE0047CB9B /* Frameworks */,
				D0C931F9190FF3FE0047CB9B /* Products */,
			);
			sourceTree = "<group>";
		};
		D0C931F9190FF3FE0047CB9B /* Products */ = {
			isa = PBXGroup;
			children = (
				D0C931F8190FF3FE0047CB9B /* Foodie.app */,
				D0C93213190FF3FE0047CB9B /* FoodieTests.xctest */,
			);
			name = Products;
			sourceTree = "<group>";
		};
		D0C931FA190FF3FE0047CB9B /* Frameworks */ = {
			isa = PBXGroup;
			children = (
				D0EB1002193CAB920043F3E7 /* SystemConfiguration.framework */,
				D0EB1000193CAB880043F3E7 /* StoreKit.framework */,
				D0EB0FFE193CAB810043F3E7 /* Security.framework */,
				D0EB0FFC193CAB7A0043F3E7 /* QuartzCore.framework */,
				D0EB0FFA193CAB720043F3E7 /* MobileCoreServices.framework */,
				D0EB0FF8193CAB6A0043F3E7 /* libz.dylib */,
				D0EB0FF6193CAB5F0043F3E7 /* CoreLocation.framework */,
				D0EB0FF4193CAB540043F3E7 /* CFNetwork.framework */,
				D0EB0FF2193CAB4C0043F3E7 /* AudioToolbox.framework */,
				D0C931FB190FF3FE0047CB9B /* Foundation.framework */,
				D0C931FD190FF3FE0047CB9B /* CoreGraphics.framework */,
				D0C931FF190FF3FE0047CB9B /* UIKit.framework */,
				D0C93214190FF3FE0047CB9B /* XCTest.framework */,
			);
			name = Frameworks;
			sourceTree = "<group>";
		};
		D0C93201190FF3FE0047CB9B /* Licenta */ = {
			isa = PBXGroup;
			children = (
				D05F4AD9195AD11A007B1A6D /* Additions */,
				D0DFED2C193C633A00A6C951 /* Libraries */,
				D0DFED03193C4DAD00A6C951 /* Resources */,
				D0C9320A190FF3FE0047CB9B /* DARAppDelegate.h */,
				D0C9320B190FF3FE0047CB9B /* DARAppDelegate.m */,
				D04042DC193F167C002F9BFB /* Model */,
				D0DFED22193C4F7C00A6C951 /* ViewControllers */,
				D0C9320D190FF3FE0047CB9B /* Images.xcassets */,
				D0C93202190FF3FE0047CB9B /* Supporting Files */,
			);
			path = Licenta;
			sourceTree = "<group>";
		};
		D0C93202190FF3FE0047CB9B /* Supporting Files */ = {
			isa = PBXGroup;
			children = (
				D0C93203190FF3FE0047CB9B /* Foodie-Info.plist */,
				D0C93204190FF3FE0047CB9B /* InfoPlist.strings */,
				D0C93207190FF3FE0047CB9B /* main.m */,
				D0C93209190FF3FE0047CB9B /* Foodie-Prefix.pch */,
			);
			name = "Supporting Files";
			sourceTree = "<group>";
		};
		D0C9321A190FF3FE0047CB9B /* LicentaTests */ = {
			isa = PBXGroup;
			children = (
				D0C93220190FF3FE0047CB9B /* LicentaTests.m */,
				D0C9321B190FF3FE0047CB9B /* Supporting Files */,
			);
			path = LicentaTests;
			sourceTree = "<group>";
		};
		D0C9321B190FF3FE0047CB9B /* Supporting Files */ = {
			isa = PBXGroup;
			children = (
				D0C9321C190FF3FE0047CB9B /* FoodieTests-Info.plist */,
				D0C9321D190FF3FE0047CB9B /* InfoPlist.strings */,
			);
			name = "Supporting Files";
			sourceTree = "<group>";
		};
		D0CDE468195AC60E00848635 /* LogInViewController */ = {
			isa = PBXGroup;
			children = (
				D0DFED23193C4FA600A6C951 /* DARLogInViewController.h */,
				D0DFED24193C4FA600A6C951 /* DARLogInViewController.m */,
				D0DFED25193C4FA600A6C951 /* DARLogInViewController.xib */,
			);
			name = LogInViewController;
			sourceTree = "<group>";
		};
		D0CDE469195AC64100848635 /* MainViewController */ = {
			isa = PBXGroup;
			children = (
				D04042E0193F1DE5002F9BFB /* DARMainViewController.h */,
				D04042E1193F1DE5002F9BFB /* DARMainViewController.m */,
				D04042E2193F1DE5002F9BFB /* DARMainViewController.xib */,
			);
			name = MainViewController;
			sourceTree = "<group>";
		};
		D0CDE46A195AC76800848635 /* WaiterViewController */ = {
			isa = PBXGroup;
			children = (
				D0CDE46B195AC7B300848635 /* DARWaiterViewController.h */,
				D0CDE46C195AC7B300848635 /* DARWaiterViewController.m */,
				D0CDE46D195AC7B300848635 /* DARWaiterViewController.xib */,
			);
			name = WaiterViewController;
			sourceTree = "<group>";
		};
		D0DFED03193C4DAD00A6C951 /* Resources */ = {
			isa = PBXGroup;
			children = (
				D065DED4195C195000FDA495 /* bkg_newsletter_sales_bookcloud_blue.png */,
				D065DED5195C195000FDA495 /* bkg_newsletter_sales_bookcloud_yellow.png */,
				D065DEBE195C0CFA00FDA495 /* all.png */,
				D065DEBF195C0CFA00FDA495 /* dessert.png */,
				D065DEC0195C0CFA00FDA495 /* drink.png */,
				D065DEC1195C0CFA00FDA495 /* meat.png */,
				D065DEC2195C0CFA00FDA495 /* pasta.png */,
				D065DEC3195C0CFA00FDA495 /* pizza.png */,
				D065DEC4195C0CFA00FDA495 /* salad.png */,
				D065DEC5195C0CFA00FDA495 /* soup.png */,
				D065DEB6195BF34B00FDA495 /* btn_back_white.png */,
				D05F4AEB195AE0C1007B1A6D /* plus.png */,
				D05F4AE9195ADE5E007B1A6D /* icon_cart-empty_up.png */,
				D05F4AE5195ADA06007B1A6D /* darius.jpg */,
				D05F4AE7195ADC22007B1A6D /* darius2.jpg */,
				D05F4AE3195AD6FD007B1A6D /* vertical.png */,
				D05F4AE1195AD689007B1A6D /* icon_cart_white.png */,
				D05F4ADF195AD596007B1A6D /* icon_settings_white.png */,
				D05F4AD2195ACF51007B1A6D /* Fonts */,
				D05F4ADD195AD484007B1A6D /* icon_photo.png */,
				D00BEAC0193C75B500BF4335 /* textfield_background.png */,
				D00BEAC1193C75B500BF4335 /* textfieldImage.png */,
				D0DFEDC7193C6A7200A6C951 /* icon_x_over.png */,
				D0DFED2A193C52E700A6C951 /* logo.png */,
				D0DFED28193C517600A6C951 /* launch2.png */,
				D0DFED04193C4DAD00A6C951 /* AppIcon29x29.png */,
				D0DFED05193C4DAD00A6C951 /* AppIcon29x29@2x.png */,
				D0DFED06193C4DAD00A6C951 /* AppIcon40x40.png */,
				D0DFED07193C4DAD00A6C951 /* AppIcon40x40@2x.png */,
				D0DFED08193C4DAD00A6C951 /* AppIcon50x50.png */,
				D0DFED09193C4DAD00A6C951 /* AppIcon50x50@2x.png */,
				D0DFED0A193C4DAD00A6C951 /* AppIcon57x57.png */,
				D0DFED0B193C4DAD00A6C951 /* AppIcon57x57@2x.png */,
				D0DFED0C193C4DAD00A6C951 /* AppIcon60x60.png */,
				D0DFED0D193C4DAD00A6C951 /* AppIcon60x60@2x.png */,
				D0DFED0E193C4DAD00A6C951 /* AppIcon72x72.png */,
				D0DFED0F193C4DAD00A6C951 /* AppIcon72x72@2x.png */,
				D0DFED10193C4DAD00A6C951 /* AppIcon76x76.png */,
				D0DFED11193C4DAD00A6C951 /* AppIcon76x76@2x.png */,
				D0DFED12193C4DAD00A6C951 /* launch.png */,
			);
			path = Resources;
			sourceTree = "<group>";
		};
		D0DFED22193C4F7C00A6C951 /* ViewControllers */ = {
			isa = PBXGroup;
			children = (
				D065DECE195C0D0D00FDA495 /* CategoryViewController */,
				D065DEB8195BF87500FDA495 /* SelectRestaurantViewController */,
				D05F4AFA195AEBF2007B1A6D /* AddItemsViewController */,
				D05F4AF4195AEBD1007B1A6D /* FinishOrderViewController */,
				D05F4AED195AEB9B007B1A6D /* AccountSettingsViewController */,
				D0CDE46A195AC76800848635 /* WaiterViewController */,
				D0CDE469195AC64100848635 /* MainViewController */,
				D0CDE468195AC60E00848635 /* LogInViewController */,
			);
			name = ViewControllers;
			sourceTree = "<group>";
		};
		D0DFED2C193C633A00A6C951 /* Libraries */ = {
			isa = PBXGroup;
			children = (
				D0EB0FF0193CAB2D0043F3E7 /* Parse.framework */,
				D0DFED7A193C644300A6C951 /* pop */,
			);
			path = Libraries;
			sourceTree = "<group>";
		};
		D0DFED7A193C644300A6C951 /* pop */ = {
			isa = PBXGroup;
			children = (
				D0DFED7B193C644300A6C951 /* InfoPlist.strings */,
				D0DFED7D193C644300A6C951 /* pop-Info.plist */,
				D0DFED7E193C644300A6C951 /* pop-Prefix.pch */,
				D0DFED7F193C644300A6C951 /* POP.h */,
				D0DFED80193C644300A6C951 /* POPAction.h */,
				D0DFED81193C644300A6C951 /* POPAnimatableProperty.h */,
				D0DFED82193C644300A6C951 /* POPAnimatableProperty.mm */,
				D0DFED83193C644300A6C951 /* POPAnimation.h */,
				D0DFED84193C644300A6C951 /* POPAnimation.mm */,
				D0DFED85193C644300A6C951 /* POPAnimationEvent.h */,
				D0DFED86193C644300A6C951 /* POPAnimationEvent.mm */,
				D0DFED87193C644300A6C951 /* POPAnimationEventInternal.h */,
				D0DFED88193C644300A6C951 /* POPAnimationExtras.h */,
				D0DFED89193C644300A6C951 /* POPAnimationExtras.mm */,
				D0DFED8A193C644300A6C951 /* POPAnimationInternal.h */,
				D0DFED8B193C644300A6C951 /* POPAnimationPrivate.h */,
				D0DFED8C193C644300A6C951 /* POPAnimationRuntime.h */,
				D0DFED8D193C644300A6C951 /* POPAnimationRuntime.mm */,
				D0DFED8E193C644300A6C951 /* POPAnimationTracer.h */,
				D0DFED8F193C644300A6C951 /* POPAnimationTracer.mm */,
				D0DFED90193C644300A6C951 /* POPAnimationTracerInternal.h */,
				D0DFED91193C644300A6C951 /* POPAnimator.h */,
				D0DFED92193C644300A6C951 /* POPAnimator.mm */,
				D0DFED93193C644300A6C951 /* POPAnimatorPrivate.h */,
				D0DFED94193C644300A6C951 /* POPBasicAnimation.h */,
				D0DFED95193C644300A6C951 /* POPBasicAnimation.mm */,
				D0DFED96193C644300A6C951 /* POPBasicAnimationInternal.h */,
				D0DFED97193C644300A6C951 /* POPCGUtils.h */,
				D0DFED98193C644300A6C951 /* POPCGUtils.mm */,
				D0DFED99193C644300A6C951 /* POPCustomAnimation.h */,
				D0DFED9A193C644300A6C951 /* POPCustomAnimation.mm */,
				D0DFED9B193C644300A6C951 /* POPDecayAnimation.h */,
				D0DFED9C193C644300A6C951 /* POPDecayAnimation.mm */,
				D0DFED9D193C644300A6C951 /* POPDecayAnimationInternal.h */,
				D0DFED9E193C644300A6C951 /* POPDefines.h */,
				D0DFED9F193C644300A6C951 /* POPGeometry.h */,
				D0DFEDA0193C644300A6C951 /* POPGeometry.mm */,
				D0DFEDA1193C644300A6C951 /* POPLayerExtras.h */,
				D0DFEDA2193C644300A6C951 /* POPLayerExtras.mm */,
				D0DFEDA3193C644300A6C951 /* POPMath.h */,
				D0DFEDA4193C644300A6C951 /* POPMath.mm */,
				D0DFEDA5193C644300A6C951 /* POPPropertyAnimation.h */,
				D0DFEDA6193C644300A6C951 /* POPPropertyAnimation.mm */,
				D0DFEDA7193C644300A6C951 /* POPPropertyAnimationInternal.h */,
				D0DFEDA8193C644300A6C951 /* POPSpringAnimation.h */,
				D0DFEDA9193C644300A6C951 /* POPSpringAnimation.mm */,
				D0DFEDAA193C644300A6C951 /* POPSpringAnimationInternal.h */,
				D0DFEDAB193C644300A6C951 /* POPSpringSolver.h */,
				D0DFEDAC193C644300A6C951 /* POPVector.h */,
				D0DFEDAD193C644300A6C951 /* POPVector.mm */,
				D0DFEDAE193C644300A6C951 /* WebCore */,
			);
			path = pop;
			sourceTree = "<group>";
		};
		D0DFEDAE193C644300A6C951 /* WebCore */ = {
			isa = PBXGroup;
			children = (
				D0DFEDAF193C644300A6C951 /* FloatConversion.h */,
				D0DFEDB0193C644300A6C951 /* TransformationMatrix.cpp */,
				D0DFEDB1193C644300A6C951 /* TransformationMatrix.h */,
				D0DFEDB2193C644300A6C951 /* UnitBezier.h */,
			);
			path = WebCore;
			sourceTree = "<group>";
		};
/* End PBXGroup section */

/* Begin PBXNativeTarget section */
		D0C931F7190FF3FE0047CB9B /* Foodie */ = {
			isa = PBXNativeTarget;
			buildConfigurationList = D0C93224190FF3FE0047CB9B /* Build configuration list for PBXNativeTarget "Foodie" */;
			buildPhases = (
				D0C931F4190FF3FE0047CB9B /* Sources */,
				D0C931F5190FF3FE0047CB9B /* Frameworks */,
				D0C931F6190FF3FE0047CB9B /* Resources */,
			);
			buildRules = (
			);
			dependencies = (
			);
			name = Foodie;
			productName = Licenta;
			productReference = D0C931F8190FF3FE0047CB9B /* Foodie.app */;
			productType = "com.apple.product-type.application";
		};
		D0C93212190FF3FE0047CB9B /* FoodieTests */ = {
			isa = PBXNativeTarget;
			buildConfigurationList = D0C93227190FF3FE0047CB9B /* Build configuration list for PBXNativeTarget "FoodieTests" */;
			buildPhases = (
				D0C9320F190FF3FE0047CB9B /* Sources */,
				D0C93210190FF3FE0047CB9B /* Frameworks */,
				D0C93211190FF3FE0047CB9B /* Resources */,
			);
			buildRules = (
			);
			dependencies = (
				D0C93219190FF3FE0047CB9B /* PBXTargetDependency */,
			);
			name = FoodieTests;
			productName = LicentaTests;
			productReference = D0C93213190FF3FE0047CB9B /* FoodieTests.xctest */;
			productType = "com.apple.product-type.bundle.unit-test";
		};
/* End PBXNativeTarget section */

/* Begin PBXProject section */
		D0C931F0190FF3FE0047CB9B /* Project object */ = {
			isa = PBXProject;
			attributes = {
				CLASSPREFIX = DAR;
				LastUpgradeCheck = 0510;
				ORGANIZATIONNAME = "Darius Rus";
				TargetAttributes = {
					D0C93212190FF3FE0047CB9B = {
						TestTargetID = D0C931F7190FF3FE0047CB9B;
					};
				};
			};
			buildConfigurationList = D0C931F3190FF3FE0047CB9B /* Build configuration list for PBXProject "Foodie" */;
			compatibilityVersion = "Xcode 3.2";
			developmentRegion = English;
			hasScannedForEncodings = 0;
			knownRegions = (
				en,
				Base,
			);
			mainGroup = D0C931EF190FF3FE0047CB9B;
			productRefGroup = D0C931F9190FF3FE0047CB9B /* Products */;
			projectDirPath = "";
			projectRoot = "";
			targets = (
				D0C931F7190FF3FE0047CB9B /* Foodie */,
				D0C93212190FF3FE0047CB9B /* FoodieTests */,
			);
		};
/* End PBXProject section */

/* Begin PBXResourcesBuildPhase section */
		D0C931F6190FF3FE0047CB9B /* Resources */ = {
			isa = PBXResourcesBuildPhase;
			buildActionMask = 2147483647;
			files = (
				D065DED6195C195000FDA495 /* bkg_newsletter_sales_bookcloud_blue.png in Resources */,
				D05F4AFF195AEC0E007B1A6D /* DARAddItemsViewController.xib in Resources */,
				D05F4AE8195ADC22007B1A6D /* darius2.jpg in Resources */,
				D0DFED27193C4FA600A6C951 /* DARLogInViewController.xib in Resources */,
				D0DFEDB3193C644300A6C951 /* InfoPlist.strings in Resources */,
				D05F4AD6195ACF51007B1A6D /* OpenSans-Light.ttf in Resources */,
				D065DECD195C0CFA00FDA495 /* soup.png in Resources */,
				D065DECA195C0CFA00FDA495 /* pasta.png in Resources */,
				D05F4AD7195ACF51007B1A6D /* OpenSans-Regular.ttf in Resources */,
				D00BEAC3193C75B500BF4335 /* textfieldImage.png in Resources */,
				D0DFED1E193C4DAD00A6C951 /* AppIcon72x72@2x.png in Resources */,
				D065DEB7195BF34B00FDA495 /* btn_back_white.png in Resources */,
				D0DFED16193C4DAD00A6C951 /* AppIcon40x40@2x.png in Resources */,
				D05F4AF9195AEBEB007B1A6D /* DARFinishOrderViewController.xib in Resources */,
				D0DFED19193C4DAD00A6C951 /* AppIcon57x57.png in Resources */,
				D065DEC7195C0CFA00FDA495 /* dessert.png in Resources */,
				D0DFED14193C4DAD00A6C951 /* AppIcon29x29@2x.png in Resources */,
				D0DFED21193C4DAD00A6C951 /* launch.png in Resources */,
				D065DECB195C0CFA00FDA495 /* pizza.png in Resources */,
				D065DED3195C0D2C00FDA495 /* DARCategoryViewController.xib in Resources */,
				D0C93206190FF3FE0047CB9B /* InfoPlist.strings in Resources */,
				D0DFED17193C4DAD00A6C951 /* AppIcon50x50.png in Resources */,
				D0DFED18193C4DAD00A6C951 /* AppIcon50x50@2x.png in Resources */,
				D05F4ADE195AD484007B1A6D /* icon_photo.png in Resources */,
				D05F4AE4195AD6FD007B1A6D /* vertical.png in Resources */,
				D05F4AF3195AEBC9007B1A6D /* DARAccountSettingsViewController.xib in Resources */,
				D065DED7195C195000FDA495 /* bkg_newsletter_sales_bookcloud_yellow.png in Resources */,
				D0DFED1A193C4DAD00A6C951 /* AppIcon57x57@2x.png in Resources */,
				D0DFED15193C4DAD00A6C951 /* AppIcon40x40.png in Resources */,
				D05F4AE0195AD596007B1A6D /* icon_settings_white.png in Resources */,
				D0DFEDB4193C644300A6C951 /* pop-Info.plist in Resources */,
				D05F4AE2195AD689007B1A6D /* icon_cart_white.png in Resources */,
				D0DFED1F193C4DAD00A6C951 /* AppIcon76x76.png in Resources */,
				D0DFEDC8193C6A7200A6C951 /* icon_x_over.png in Resources */,
				D0C9320E190FF3FE0047CB9B /* Images.xcassets in Resources */,
				D04042E4193F1DE5002F9BFB /* DARMainViewController.xib in Resources */,
				D0DFED29193C517600A6C951 /* launch2.png in Resources */,
				D0CDE46F195AC7B300848635 /* DARWaiterViewController.xib in Resources */,
				D065DEC6195C0CFA00FDA495 /* all.png in Resources */,
				D0DFED13193C4DAD00A6C951 /* AppIcon29x29.png in Resources */,
				D0DFED20193C4DAD00A6C951 /* AppIcon76x76@2x.png in Resources */,
				D05F4AD8195ACF51007B1A6D /* OpenSans-Semibold.ttf in Resources */,
				D065DEC8195C0CFA00FDA495 /* drink.png in Resources */,
				D00BEAC2193C75B500BF4335 /* textfield_background.png in Resources */,
				D05F4AEC195AE0C1007B1A6D /* plus.png in Resources */,
				D065DEBD195BF8A400FDA495 /* DARSelectRestaurantViewController.xib in Resources */,
				D0DFED2B193C52E700A6C951 /* logo.png in Resources */,
				D0DFED1C193C4DAD00A6C951 /* AppIcon60x60@2x.png in Resources */,
				D065DEC9195C0CFA00FDA495 /* meat.png in Resources */,
				D065DECC195C0CFA00FDA495 /* salad.png in Resources */,
				D05F4AEA195ADE5E007B1A6D /* icon_cart-empty_up.png in Resources */,
				D0DFED1B193C4DAD00A6C951 /* AppIcon60x60.png in Resources */,
				D05F4AE6195ADA06007B1A6D /* darius.jpg in Resources */,
				D0DFED1D193C4DAD00A6C951 /* AppIcon72x72.png in Resources */,
			);
			runOnlyForDeploymentPostprocessing = 0;
		};
		D0C93211190FF3FE0047CB9B /* Resources */ = {
			isa = PBXResourcesBuildPhase;
			buildActionMask = 2147483647;
			files = (
				D0C9321F190FF3FE0047CB9B /* InfoPlist.strings in Resources */,
			);
			runOnlyForDeploymentPostprocessing = 0;
		};
/* End PBXResourcesBuildPhase section */

/* Begin PBXSourcesBuildPhase section */
		D0C931F4190FF3FE0047CB9B /* Sources */ = {
			isa = PBXSourcesBuildPhase;
			buildActionMask = 2147483647;
			files = (
				D0C9320C190FF3FE0047CB9B /* DARAppDelegate.m in Sources */,
				D0DFEDB9193C644300A6C951 /* POPAnimationRuntime.mm in Sources */,
				D05F4ADC195AD11A007B1A6D /* UIFont+Additions.m in Sources */,
				D0DFEDC5193C644300A6C951 /* POPVector.mm in Sources */,
				D04042E3193F1DE5002F9BFB /* DARMainViewController.m in Sources */,
				D065DEBC195BF8A400FDA495 /* DARSelectRestaurantViewController.m in Sources */,
				D0DFEDB6193C644300A6C951 /* POPAnimation.mm in Sources */,
				D0DFEDBA193C644300A6C951 /* POPAnimationTracer.mm in Sources */,
				D0DFED26193C4FA600A6C951 /* DARLogInViewController.m in Sources */,
				D0DFEDC0193C644300A6C951 /* POPGeometry.mm in Sources */,
				D0DFEDC6193C644300A6C951 /* TransformationMatrix.cpp in Sources */,
				D05F4AF8195AEBEB007B1A6D /* DARFinishOrderViewController.m in Sources */,
				D0DFEDB8193C644300A6C951 /* POPAnimationExtras.mm in Sources */,
				D0DFEDB7193C644300A6C951 /* POPAnimationEvent.mm in Sources */,
				D065DED2195C0D2C00FDA495 /* DARCategoryViewController.m in Sources */,
				D0DFEDB5193C644300A6C951 /* POPAnimatableProperty.mm in Sources */,
				D0DFEDBB193C644300A6C951 /* POPAnimator.mm in Sources */,
				D0DFEDBF193C644300A6C951 /* POPDecayAnimation.mm in Sources */,
				D0DFEDC4193C644300A6C951 /* POPSpringAnimation.mm in Sources */,
				D0DFEDC3193C644300A6C951 /* POPPropertyAnimation.mm in Sources */,
				D0DFEDBC193C644300A6C951 /* POPBasicAnimation.mm in Sources */,
				D04042DF193F1699002F9BFB /* DARUser.m in Sources */,
				D0DFEDC1193C644300A6C951 /* POPLayerExtras.mm in Sources */,
				D0C93208190FF3FE0047CB9B /* main.m in Sources */,
				D0DFEDBD193C644300A6C951 /* POPCGUtils.mm in Sources */,
				D0DFEDC2193C644300A6C951 /* POPMath.mm in Sources */,
				D05F4B02195AF925007B1A6D /* DARTable.m in Sources */,
				D05F4AF2195AEBC9007B1A6D /* DARAccountSettingsViewController.m in Sources */,
				D0CDE46E195AC7B300848635 /* DARWaiterViewController.m in Sources */,
				D0DFEDBE193C644300A6C951 /* POPCustomAnimation.mm in Sources */,
				D05F4AFE195AEC0E007B1A6D /* DARAddItemsViewController.m in Sources */,
			);
			runOnlyForDeploymentPostprocessing = 0;
		};
		D0C9320F190FF3FE0047CB9B /* Sources */ = {
			isa = PBXSourcesBuildPhase;
			buildActionMask = 2147483647;
			files = (
				D0C93221190FF3FE0047CB9B /* LicentaTests.m in Sources */,
			);
			runOnlyForDeploymentPostprocessing = 0;
		};
/* End PBXSourcesBuildPhase section */

/* Begin PBXTargetDependency section */
		D0C93219190FF3FE0047CB9B /* PBXTargetDependency */ = {
			isa = PBXTargetDependency;
			target = D0C931F7190FF3FE0047CB9B /* Foodie */;
			targetProxy = D0C93218190FF3FE0047CB9B /* PBXContainerItemProxy */;
		};
/* End PBXTargetDependency section */

/* Begin PBXVariantGroup section */
		D0C93204190FF3FE0047CB9B /* InfoPlist.strings */ = {
			isa = PBXVariantGroup;
			children = (
				D0C93205190FF3FE0047CB9B /* en */,
			);
			name = InfoPlist.strings;
			sourceTree = "<group>";
		};
		D0C9321D190FF3FE0047CB9B /* InfoPlist.strings */ = {
			isa = PBXVariantGroup;
			children = (
				D0C9321E190FF3FE0047CB9B /* en */,
			);
			name = InfoPlist.strings;
			sourceTree = "<group>";
		};
		D0DFED7B193C644300A6C951 /* InfoPlist.strings */ = {
			isa = PBXVariantGroup;
			children = (
				D0DFED7C193C644300A6C951 /* en */,
			);
			name = InfoPlist.strings;
			sourceTree = "<group>";
		};
/* End PBXVariantGroup section */

/* Begin XCBuildConfiguration section */
		D0C93222190FF3FE0047CB9B /* Debug */ = {
			isa = XCBuildConfiguration;
			buildSettings = {
				ALWAYS_SEARCH_USER_PATHS = NO;
				CLANG_CXX_LANGUAGE_STANDARD = "gnu++0x";
				CLANG_CXX_LIBRARY = "libc++";
				CLANG_ENABLE_MODULES = YES;
				CLANG_ENABLE_OBJC_ARC = YES;
				CLANG_WARN_BOOL_CONVERSION = YES;
				CLANG_WARN_CONSTANT_CONVERSION = YES;
				CLANG_WARN_DIRECT_OBJC_ISA_USAGE = YES_ERROR;
				CLANG_WARN_EMPTY_BODY = YES;
				CLANG_WARN_ENUM_CONVERSION = YES;
				CLANG_WARN_INT_CONVERSION = YES;
				CLANG_WARN_OBJC_ROOT_CLASS = YES_ERROR;
				CLANG_WARN__DUPLICATE_METHOD_MATCH = YES;
				"CODE_SIGN_IDENTITY[sdk=iphoneos*]" = "iPhone Developer";
				COPY_PHASE_STRIP = NO;
				GCC_C_LANGUAGE_STANDARD = gnu99;
				GCC_DYNAMIC_NO_PIC = NO;
				GCC_OPTIMIZATION_LEVEL = 0;
				GCC_PREPROCESSOR_DEFINITIONS = (
					"DEBUG=1",
					"$(inherited)",
				);
				GCC_SYMBOLS_PRIVATE_EXTERN = NO;
				GCC_WARN_64_TO_32_BIT_CONVERSION = YES;
				GCC_WARN_ABOUT_RETURN_TYPE = YES_ERROR;
				GCC_WARN_UNDECLARED_SELECTOR = YES;
				GCC_WARN_UNINITIALIZED_AUTOS = YES_AGGRESSIVE;
				GCC_WARN_UNUSED_FUNCTION = YES;
				GCC_WARN_UNUSED_VARIABLE = YES;
				IPHONEOS_DEPLOYMENT_TARGET = 7.1;
				ONLY_ACTIVE_ARCH = YES;
				SDKROOT = iphoneos;
			};
			name = Debug;
		};
		D0C93223190FF3FE0047CB9B /* Release */ = {
			isa = XCBuildConfiguration;
			buildSettings = {
				ALWAYS_SEARCH_USER_PATHS = NO;
				CLANG_CXX_LANGUAGE_STANDARD = "gnu++0x";
				CLANG_CXX_LIBRARY = "libc++";
				CLANG_ENABLE_MODULES = YES;
				CLANG_ENABLE_OBJC_ARC = YES;
				CLANG_WARN_BOOL_CONVERSION = YES;
				CLANG_WARN_CONSTANT_CONVERSION = YES;
				CLANG_WARN_DIRECT_OBJC_ISA_USAGE = YES_ERROR;
				CLANG_WARN_EMPTY_BODY = YES;
				CLANG_WARN_ENUM_CONVERSION = YES;
				CLANG_WARN_INT_CONVERSION = YES;
				CLANG_WARN_OBJC_ROOT_CLASS = YES_ERROR;
				CLANG_WARN__DUPLICATE_METHOD_MATCH = YES;
				"CODE_SIGN_IDENTITY[sdk=iphoneos*]" = "iPhone Developer";
				COPY_PHASE_STRIP = YES;
				ENABLE_NS_ASSERTIONS = NO;
				GCC_C_LANGUAGE_STANDARD = gnu99;
				GCC_WARN_64_TO_32_BIT_CONVERSION = YES;
				GCC_WARN_ABOUT_RETURN_TYPE = YES_ERROR;
				GCC_WARN_UNDECLARED_SELECTOR = YES;
				GCC_WARN_UNINITIALIZED_AUTOS = YES_AGGRESSIVE;
				GCC_WARN_UNUSED_FUNCTION = YES;
				GCC_WARN_UNUSED_VARIABLE = YES;
				IPHONEOS_DEPLOYMENT_TARGET = 7.1;
				SDKROOT = iphoneos;
				VALIDATE_PRODUCT = YES;
			};
			name = Release;
		};
		D0C93225190FF3FE0047CB9B /* Debug */ = {
			isa = XCBuildConfiguration;
			buildSettings = {
				FRAMEWORK_SEARCH_PATHS = (
					"$(inherited)",
					"$(PROJECT_DIR)/Licenta/Libraries",
				);
				GCC_PRECOMPILE_PREFIX_HEADER = YES;
				GCC_PREFIX_HEADER = "Licenta/Foodie-Prefix.pch";
				INFOPLIST_FILE = "Licenta/Foodie-Info.plist";
				PRODUCT_NAME = Foodie;
				WRAPPER_EXTENSION = app;
			};
			name = Debug;
		};
		D0C93226190FF3FE0047CB9B /* Release */ = {
			isa = XCBuildConfiguration;
			buildSettings = {
				FRAMEWORK_SEARCH_PATHS = (
					"$(inherited)",
					"$(PROJECT_DIR)/Licenta/Libraries",
				);
				GCC_PRECOMPILE_PREFIX_HEADER = YES;
				GCC_PREFIX_HEADER = "Licenta/Foodie-Prefix.pch";
				INFOPLIST_FILE = "Licenta/Foodie-Info.plist";
				PRODUCT_NAME = Foodie;
				WRAPPER_EXTENSION = app;
			};
			name = Release;
		};
		D0C93228190FF3FE0047CB9B /* Debug */ = {
			isa = XCBuildConfiguration;
			buildSettings = {
				BUNDLE_LOADER = "$(BUILT_PRODUCTS_DIR)/Licenta.app/Licenta";
				FRAMEWORK_SEARCH_PATHS = (
					"$(SDKROOT)/Developer/Library/Frameworks",
					"$(inherited)",
					"$(DEVELOPER_FRAMEWORKS_DIR)",
				);
				GCC_PRECOMPILE_PREFIX_HEADER = YES;
				GCC_PREFIX_HEADER = "Licenta/Licenta-Prefix.pch";
				GCC_PREPROCESSOR_DEFINITIONS = (
					"DEBUG=1",
					"$(inherited)",
				);
				INFOPLIST_FILE = "LicentaTests/FoodieTests-Info.plist";
				PRODUCT_NAME = FoodieTests;
				TEST_HOST = "$(BUNDLE_LOADER)";
				WRAPPER_EXTENSION = xctest;
			};
			name = Debug;
		};
		D0C93229190FF3FE0047CB9B /* Release */ = {
			isa = XCBuildConfiguration;
			buildSettings = {
				BUNDLE_LOADER = "$(BUILT_PRODUCTS_DIR)/Licenta.app/Licenta";
				FRAMEWORK_SEARCH_PATHS = (
					"$(SDKROOT)/Developer/Library/Frameworks",
					"$(inherited)",
					"$(DEVELOPER_FRAMEWORKS_DIR)",
				);
				GCC_PRECOMPILE_PREFIX_HEADER = YES;
				GCC_PREFIX_HEADER = "Licenta/Licenta-Prefix.pch";
				INFOPLIST_FILE = "LicentaTests/FoodieTests-Info.plist";
				PRODUCT_NAME = FoodieTests;
				TEST_HOST = "$(BUNDLE_LOADER)";
				WRAPPER_EXTENSION = xctest;
			};
			name = Release;
		};
/* End XCBuildConfiguration section */

/* Begin XCConfigurationList section */
		D0C931F3190FF3FE0047CB9B /* Build configuration list for PBXProject "Foodie" */ = {
			isa = XCConfigurationList;
			buildConfigurations = (
				D0C93222190FF3FE0047CB9B /* Debug */,
				D0C93223190FF3FE0047CB9B /* Release */,
			);
			defaultConfigurationIsVisible = 0;
			defaultConfigurationName = Release;
		};
		D0C93224190FF3FE0047CB9B /* Build configuration list for PBXNativeTarget "Foodie" */ = {
			isa = XCConfigurationList;
			buildConfigurations = (
				D0C93225190FF3FE0047CB9B /* Debug */,
				D0C93226190FF3FE0047CB9B /* Release */,
			);
			defaultConfigurationIsVisible = 0;
			defaultConfigurationName = Release;
		};
		D0C93227190FF3FE0047CB9B /* Build configuration list for PBXNativeTarget "FoodieTests" */ = {
			isa = XCConfigurationList;
			buildConfigurations = (
				D0C93228190FF3FE0047CB9B /* Debug */,
				D0C93229190FF3FE0047CB9B /* Release */,
			);
			defaultConfigurationIsVisible = 0;
			defaultConfigurationName = Release;
		};
/* End XCConfigurationList section */
	};
	rootObject = D0C931F0190FF3FE0047CB9B /* Project object */;
}
